PODS:
  - Alamofire (4.8.0)
  - CryptoSwift (0.9.0)
  - FendaBLESwiftLib (0.2.5)
  - Firebase/Core (5.20.1):
    - Firebase/CoreOnly
    - FirebaseAnalytics (= 5.8.0)
  - Firebase/CoreOnly (5.20.1):
    - FirebaseCore (= 5.4.1)
  - Firebase/Messaging (5.20.1):
    - Firebase/CoreOnly
    - FirebaseMessaging (= 3.5.0)
  - FirebaseAnalytics (5.8.0):
    - FirebaseCore (~> 5.4)
    - FirebaseInstanceID (~> 3.8)
    - GoogleAppMeasurement (= 5.8.0)
    - GoogleUtilities/AppDelegateSwizzler (~> 5.2)
    - GoogleUtilities/MethodSwizzler (~> 5.2)
    - GoogleUtilities/Network (~> 5.2)
    - "GoogleUtilities/NSData+zlib (~> 5.2)"
    - nanopb (~> 0.3)
  - FirebaseAnalyticsInterop (1.2.0)
  - FirebaseCore (5.4.1):
    - GoogleUtilities/Environment (~> 5.2)
    - GoogleUtilities/Logger (~> 5.2)
  - FirebaseInstanceID (3.8.1):
    - FirebaseCore (~> 5.2)
    - GoogleUtilities/Environment (~> 5.2)
    - GoogleUtilities/UserDefaults (~> 5.2)
  - FirebaseMessaging (3.5.0):
    - FirebaseAnalyticsInterop (~> 1.1)
    - FirebaseCore (~> 5.2)
    - FirebaseInstanceID (~> 3.6)
    - GoogleUtilities/Environment (~> 5.3)
    - GoogleUtilities/Reachability (~> 5.3)
    - GoogleUtilities/UserDefaults (~> 5.3)
    - Protobuf (~> 3.1)
  - GoogleAppMeasurement (5.8.0):
    - GoogleUtilities/AppDelegateSwizzler (~> 5.2)
    - GoogleUtilities/MethodSwizzler (~> 5.2)
    - GoogleUtilities/Network (~> 5.2)
    - "GoogleUtilities/NSData+zlib (~> 5.2)"
    - nanopb (~> 0.3)
  - GoogleUtilities/AppDelegateSwizzler (5.5.0):
    - GoogleUtilities/Environment
    - GoogleUtilities/Logger
    - GoogleUtilities/Network
  - GoogleUtilities/Environment (5.5.0)
  - GoogleUtilities/Logger (5.5.0):
    - GoogleUtilities/Environment
  - GoogleUtilities/MethodSwizzler (5.5.0):
    - GoogleUtilities/Logger
  - GoogleUtilities/Network (5.5.0):
    - GoogleUtilities/Logger
    - "GoogleUtilities/NSData+zlib"
    - GoogleUtilities/Reachability
  - "GoogleUtilities/NSData+zlib (5.5.0)"
  - GoogleUtilities/Reachability (5.5.0):
    - GoogleUtilities/Logger
  - GoogleUtilities/UserDefaults (5.5.0):
    - GoogleUtilities/Logger
  - iOSDFULibrary (4.2.2):
    - Zip (~> 1.0)
  - Kingfisher (4.8.1)
  - nanopb (0.3.901):
    - nanopb/decode (= 0.3.901)
    - nanopb/encode (= 0.3.901)
  - nanopb/decode (0.3.901)
  - nanopb/encode (0.3.901)
  - NVActivityIndicatorView (4.4.0):
    - NVActivityIndicatorView/Presenter (= 4.4.0)
  - NVActivityIndicatorView/Presenter (4.4.0)
  - Protobuf (3.7.0)
  - RxCocoa (4.1.2):
    - RxSwift (~> 4.0)
  - RxSwift (4.1.2)
  - SnapKit (4.0.1)
  - SQLite.swift (0.11.5):
    - SQLite.swift/standard (= 0.11.5)
  - SQLite.swift/standard (0.11.5)
  - SQLiteMigrationManager.swift (0.1.0):
    - SQLite.swift (~> 0.11.0)
  - SwiftyJSON (4.2.0)
  - Zip (1.1.0)

DEPENDENCIES:
  - Alamofire (~> 4.7)
  - CryptoSwift (~> 0.9.0)
  - FendaBLESwiftLib (~> 0.2.5)
  - Firebase/Core (~> 5.20.1)
  - Firebase/Messaging
  - iOSDFULibrary (~> 4.2.2)
  - Kingfisher (~> 4.8.0)
  - NVActivityIndicatorView (~> 4.4.0)
  - RxCocoa (~> 4.1.2)
  - RxSwift (~> 4.1.2)
  - SnapKit (~> 4.0.0)
  - SQLite.swift (~> 0.11.5)
  - SQLiteMigrationManager.swift (~> 0.1.0)
  - SwiftyJSON (~> 4.0)

SPEC REPOS:
  https://github.com/cocoapods/specs.git:
    - Alamofire
    - CryptoSwift
    - FendaBLESwiftLib
    - Firebase
    - FirebaseAnalytics
    - FirebaseAnalyticsInterop
    - FirebaseCore
    - FirebaseInstanceID
    - FirebaseMessaging
    - GoogleAppMeasurement
    - GoogleUtilities
    - iOSDFULibrary
    - Kingfisher
    - nanopb
    - NVActivityIndicatorView
    - Protobuf
    - RxCocoa
    - RxSwift
    - SnapKit
    - SQLite.swift
    - SQLiteMigrationManager.swift
    - SwiftyJSON
    - Zip

SPEC CHECKSUMS:
  Alamofire: 3ec537f71edc9804815215393ae2b1a8ea33a844
  CryptoSwift: bca8c5b653dcc2d9734409242a070ff53bafac86
  FendaBLESwiftLib: 90ea22f35e28f459ef302cdb5f9c506912b069f8
  Firebase: 2f5235e62f141cb86181c3af0dfe4509706351ac
  FirebaseAnalytics: fd72a26bf8dac84cefba2f0864366f718555a5b0
  FirebaseAnalyticsInterop: efbe45c8385ec626e29f9525e5ebd38520dfb6c1
  FirebaseCore: f1a9a8be1aee4bf71a2fc0f4096df6788bdfda61
  FirebaseInstanceID: a122b0c258720cf250551bb2bedf48c699f80d90
  FirebaseMessaging: 4235f949ce1c4e827aeb19705ba5c53f9b85aa10
  GoogleAppMeasurement: 1624046ab1bcc5e170061a56ef5679000b079c8e
  GoogleUtilities: 6481e6318c5fcabaaa8513ef8120f329055d7c10
  iOSDFULibrary: 65a30a36d33ef451ef2d6c2b6a002a26eed786af
  Kingfisher: 868c1149679a7ab6869be118faa9b5aed154aaf0
  nanopb: 2901f78ea1b7b4015c860c2fdd1ea2fee1a18d48
  NVActivityIndicatorView: ec7440a57af2450319d3a4181cca7da6fc127064
  Protobuf: 7a877b7f3e5964e3fce995e2eb323dbc6831bb5a
  RxCocoa: d88ba0f1f6abf040011a9eb4b539324fc426843a
  RxSwift: e49536837d9901277638493ea537394d4b55f570
  SnapKit: 0de968a9fec17499afa29683b05d0c775b6d1c29
  SQLite.swift: 6e5356850bb1791459f8c16d6ee9195b28714a2e
  SQLiteMigrationManager.swift: 8dcaa88eb59f46e4fdfdf60d0999aca7be42b1ef
  SwiftyJSON: c4bcba26dd9ec7a027fc8eade48e2c911f229e96
  Zip: 8877eede3dda76bcac281225c20e71c25270774c

PODFILE CHECKSUM: 43dad4cc90ba006e46764d3258e986ab99495fbd

COCOAPODS: 1.5.2
